
Microsoft Visual Studio Solution File, Format Version 12.00
# Visual Studio Version 16
VisualStudioVersion = 25.0.1706.7
MinimumVisualStudioVersion = 10.0.40219.1
Project("{FAE04EC0-301F-11D3-BF4B-00C04F79EFBC}") = "InterfacesANDExtensibility", "InterfacesANDExtensibility.csproj", "{F4579FC0-BEC1-4E9F-8168-D748F88BD642}"
EndProject
Global
	GlobalSection(SolutionConfigurationPlatforms) = preSolution
		Debug|Any CPU = Debug|Any CPU
		Release|Any CPU = Release|Any CPU
	EndGlobalSection
	GlobalSection(ProjectConfigurationPlatforms) = postSolution
		{F4579FC0-BEC1-4E9F-8168-D748F88BD642}.Debug|Any CPU.ActiveCfg = Debug|Any CPU
		{F4579FC0-BEC1-4E9F-8168-D748F88BD642}.Debug|Any CPU.Build.0 = Debug|Any CPU
		{F4579FC0-BEC1-4E9F-8168-D748F88BD642}.Release|Any CPU.ActiveCfg = Release|Any CPU
		{F4579FC0-BEC1-4E9F-8168-D748F88BD642}.Release|Any CPU.Build.0 = Release|Any CPU
	EndGlobalSection
	GlobalSection(SolutionProperties) = preSolution
		HideSolutionNode = FALSE
	EndGlobalSection
	GlobalSection(ExtensibilityGlobals) = postSolution
		SolutionGuid = {905C1C97-3448-4D1B-A032-FF01264F114F}
	EndGlobalSection
EndGlobal
